// !$*UTF8*$!
{
	archiveVersion = 1;
	classes = {
	};
	objectVersion = 46;
	objects = {

/* Begin PBXBuildFile section */
		F9076C691E71BDD80002FF38 /* icons.atlas in Resources */ = {isa = PBXBuildFile; fileRef = F9076C681E71BDD80002FF38 /* icons.atlas */; };
		F9076C6F1E799E6D0002FF38 /* resized.atlas in Resources */ = {isa = PBXBuildFile; fileRef = F9076C6E1E799E6D0002FF38 /* resized.atlas */; };
		F9216BE21D917FB500E8E923 /* CGFloat+Extensions.swift in Sources */ = {isa = PBXBuildFile; fileRef = F9216BD61D917FB500E8E923 /* CGFloat+Extensions.swift */; };
		F9216BE31D917FB500E8E923 /* CGPoint+Extensions.swift in Sources */ = {isa = PBXBuildFile; fileRef = F9216BD71D917FB500E8E923 /* CGPoint+Extensions.swift */; };
		F9216BE41D917FB500E8E923 /* CGVector+Extensions.swift in Sources */ = {isa = PBXBuildFile; fileRef = F9216BD81D917FB500E8E923 /* CGVector+Extensions.swift */; };
		F9216BE51D917FB500E8E923 /* Int+Extensions.swift in Sources */ = {isa = PBXBuildFile; fileRef = F9216BD91D917FB500E8E923 /* Int+Extensions.swift */; };
		F9216BE61D917FB500E8E923 /* SKAction+Extensions.swift in Sources */ = {isa = PBXBuildFile; fileRef = F9216BDA1D917FB500E8E923 /* SKAction+Extensions.swift */; };
		F9216BE71D917FB500E8E923 /* SKAction+SpecialEffects.swift in Sources */ = {isa = PBXBuildFile; fileRef = F9216BDB1D917FB500E8E923 /* SKAction+SpecialEffects.swift */; };
		F9216BE81D917FB500E8E923 /* SKColor+Extensions.swift in Sources */ = {isa = PBXBuildFile; fileRef = F9216BDC1D917FB500E8E923 /* SKColor+Extensions.swift */; };
		F9216BE91D917FB500E8E923 /* SKNode+Extensions.swift in Sources */ = {isa = PBXBuildFile; fileRef = F9216BDD1D917FB500E8E923 /* SKNode+Extensions.swift */; };
		F9216BEA1D917FB500E8E923 /* SKTAudio.swift in Sources */ = {isa = PBXBuildFile; fileRef = F9216BDE1D917FB500E8E923 /* SKTAudio.swift */; };
		F9216BEB1D917FB500E8E923 /* SKTEffects.swift in Sources */ = {isa = PBXBuildFile; fileRef = F9216BDF1D917FB500E8E923 /* SKTEffects.swift */; };
		F9216BEC1D917FB500E8E923 /* SKTTimingFunctions.swift in Sources */ = {isa = PBXBuildFile; fileRef = F9216BE01D917FB500E8E923 /* SKTTimingFunctions.swift */; };
		F9216BED1D917FB500E8E923 /* Vector3.swift in Sources */ = {isa = PBXBuildFile; fileRef = F9216BE11D917FB500E8E923 /* Vector3.swift */; };
		F93C35951E697D30009C7DA3 /* LightningBoltNode.swift in Sources */ = {isa = PBXBuildFile; fileRef = F93C35781E697D30009C7DA3 /* LightningBoltNode.swift */; };
		F93C35961E697D30009C7DA3 /* LightningLineNode.swift in Sources */ = {isa = PBXBuildFile; fileRef = F93C35791E697D30009C7DA3 /* LightningLineNode.swift */; };
		F93C35971E697D30009C7DA3 /* LightningNode.swift in Sources */ = {isa = PBXBuildFile; fileRef = F93C357A1E697D30009C7DA3 /* LightningNode.swift */; };
		F93C35981E697D30009C7DA3 /* Lightning.xcassets in Resources */ = {isa = PBXBuildFile; fileRef = F93C357C1E697D30009C7DA3 /* Lightning.xcassets */; };
		F93C35991E697D30009C7DA3 /* shock1.aiff in Resources */ = {isa = PBXBuildFile; fileRef = F93C357E1E697D30009C7DA3 /* shock1.aiff */; };
		F93C359A1E697D30009C7DA3 /* shock2.aiff in Resources */ = {isa = PBXBuildFile; fileRef = F93C357F1E697D30009C7DA3 /* shock2.aiff */; };
		F93C359B1E697D30009C7DA3 /* shock3.aiff in Resources */ = {isa = PBXBuildFile; fileRef = F93C35801E697D30009C7DA3 /* shock3.aiff */; };
		F93C359C1E697D30009C7DA3 /* shock4.aiff in Resources */ = {isa = PBXBuildFile; fileRef = F93C35811E697D30009C7DA3 /* shock4.aiff */; };
		F93C359D1E697D30009C7DA3 /* shock5.aiff in Resources */ = {isa = PBXBuildFile; fileRef = F93C35821E697D30009C7DA3 /* shock5.aiff */; };
		F93C359E1E697D30009C7DA3 /* shock6.aiff in Resources */ = {isa = PBXBuildFile; fileRef = F93C35831E697D30009C7DA3 /* shock6.aiff */; };
		F93C42FD1D79CB97006572C9 /* AppDelegate.swift in Sources */ = {isa = PBXBuildFile; fileRef = F93C42FC1D79CB97006572C9 /* AppDelegate.swift */; };
		F93C43011D79CB97006572C9 /* GameScene.swift in Sources */ = {isa = PBXBuildFile; fileRef = F93C43001D79CB97006572C9 /* GameScene.swift */; };
		F93C43031D79CB97006572C9 /* GameViewController.swift in Sources */ = {isa = PBXBuildFile; fileRef = F93C43021D79CB97006572C9 /* GameViewController.swift */; };
		F93C43061D79CB97006572C9 /* Main.storyboard in Resources */ = {isa = PBXBuildFile; fileRef = F93C43041D79CB97006572C9 /* Main.storyboard */; };
		F93C43081D79CB97006572C9 /* Assets.xcassets in Resources */ = {isa = PBXBuildFile; fileRef = F93C43071D79CB97006572C9 /* Assets.xcassets */; };
		F93C430B1D79CB97006572C9 /* LaunchScreen.storyboard in Resources */ = {isa = PBXBuildFile; fileRef = F93C43091D79CB97006572C9 /* LaunchScreen.storyboard */; };
		F93C43161D79CB97006572C9 /* NinjaTests.swift in Sources */ = {isa = PBXBuildFile; fileRef = F93C43151D79CB97006572C9 /* NinjaTests.swift */; };
		F93C43211D79CB97006572C9 /* NinjaUITests.swift in Sources */ = {isa = PBXBuildFile; fileRef = F93C43201D79CB97006572C9 /* NinjaUITests.swift */; };
		F952E3D51E4E17AF0012CCA1 /* Powerup.swift in Sources */ = {isa = PBXBuildFile; fileRef = F952E3D41E4E17AF0012CCA1 /* Powerup.swift */; };
		F952E3D91E55D8870012CCA1 /* Collectible.swift in Sources */ = {isa = PBXBuildFile; fileRef = F952E3D81E55D8870012CCA1 /* Collectible.swift */; };
		F952E3DB1E55DE540012CCA1 /* Flashing.swift in Sources */ = {isa = PBXBuildFile; fileRef = F952E3DA1E55DE540012CCA1 /* Flashing.swift */; };
		F952E3DD1E5B56B90012CCA1 /* bg.png in Resources */ = {isa = PBXBuildFile; fileRef = F952E3DC1E5B56B90012CCA1 /* bg.png */; };
		F95B2A5D1E2E6C88007A62EC /* CountdownNode.swift in Sources */ = {isa = PBXBuildFile; fileRef = F95B2A5C1E2E6C88007A62EC /* CountdownNode.swift */; };
		F95D2EF51D8BF23700542CD9 /* Enemy.swift in Sources */ = {isa = PBXBuildFile; fileRef = F95D2EF41D8BF23700542CD9 /* Enemy.swift */; };
		F960928E1DA7F37E00749623 /* splat.wav in Resources */ = {isa = PBXBuildFile; fileRef = F960928D1DA7F37E00749623 /* splat.wav */; };
		F96092901DA7FAD500749623 /* MenuViewController.swift in Sources */ = {isa = PBXBuildFile; fileRef = F960928F1DA7FAD500749623 /* MenuViewController.swift */; };
		F9658E231E65DFCA00233B6A /* star_collect.mp3 in Resources */ = {isa = PBXBuildFile; fileRef = F9658E221E65DFCA00233B6A /* star_collect.mp3 */; };
		F9658E251E6879C600233B6A /* Menubar.swift in Sources */ = {isa = PBXBuildFile; fileRef = F9658E241E6879C600233B6A /* Menubar.swift */; };
		F972700B1E44EA3E00D4F796 /* French_Fries.ttf in Resources */ = {isa = PBXBuildFile; fileRef = F972700A1E44E94600D4F796 /* French_Fries.ttf */; };
		F972700E1E4A06DD00D4F796 /* shader.fsh in Resources */ = {isa = PBXBuildFile; fileRef = F972700D1E4A06DD00D4F796 /* shader.fsh */; };
		F97270101E4A23AC00D4F796 /* bw.fsh in Resources */ = {isa = PBXBuildFile; fileRef = F972700F1E4A23AC00D4F796 /* bw.fsh */; };
		F9896C461D9ACB3700B53571 /* monkey.atlas in Resources */ = {isa = PBXBuildFile; fileRef = F9896C451D9ACB3700B53571 /* monkey.atlas */; };
		F9896C501D9D718400B53571 /* bounce.mp3 in Resources */ = {isa = PBXBuildFile; fileRef = F9896C4F1D9D718400B53571 /* bounce.mp3 */; };
		F9A176FE1DCB929900534EBA /* fruitlist.plist in Resources */ = {isa = PBXBuildFile; fileRef = F9A176FD1DCB929900534EBA /* fruitlist.plist */; };
		F9BFCB2B1D92ACED0095A8EA /* Player.swift in Sources */ = {isa = PBXBuildFile; fileRef = F9BFCB2A1D92ACED0095A8EA /* Player.swift */; };
		F9CB94CD1D806D17001E8318 /* PlayerStates.swift in Sources */ = {isa = PBXBuildFile; fileRef = F9CB94CC1D806D16001E8318 /* PlayerStates.swift */; };
		F9CB94D31D807036001E8318 /* PlayerState.swift in Sources */ = {isa = PBXBuildFile; fileRef = F9CB94D21D807036001E8318 /* PlayerState.swift */; };
		F9E9A9811E8427FB0064FC14 /* fruit.atlas in Resources */ = {isa = PBXBuildFile; fileRef = F9E9A9801E8427FB0064FC14 /* fruit.atlas */; };
		F9E9A9831E842C340064FC14 /* Burst.sks in Resources */ = {isa = PBXBuildFile; fileRef = F9E9A9821E842C340064FC14 /* Burst.sks */; };
		F9E9A9851E842D220064FC14 /* drop.png in Resources */ = {isa = PBXBuildFile; fileRef = F9E9A9841E842D220064FC14 /* drop.png */; };
/* End PBXBuildFile section */

/* Begin PBXContainerItemProxy section */
		F93C43121D79CB97006572C9 /* PBXContainerItemProxy */ = {
			isa = PBXContainerItemProxy;
			containerPortal = F93C42F11D79CB96006572C9 /* Project object */;
			proxyType = 1;
			remoteGlobalIDString = F93C42F81D79CB96006572C9;
			remoteInfo = Ninja;
		};
		F93C431D1D79CB97006572C9 /* PBXContainerItemProxy */ = {
			isa = PBXContainerItemProxy;
			containerPortal = F93C42F11D79CB96006572C9 /* Project object */;
			proxyType = 1;
			remoteGlobalIDString = F93C42F81D79CB96006572C9;
			remoteInfo = Ninja;
		};
/* End PBXContainerItemProxy section */

/* Begin PBXFileReference section */
		F9076C681E71BDD80002FF38 /* icons.atlas */ = {isa = PBXFileReference; lastKnownFileType = folder.skatlas; path = icons.atlas; sourceTree = "<group>"; };
		F9076C6E1E799E6D0002FF38 /* resized.atlas */ = {isa = PBXFileReference; lastKnownFileType = folder.skatlas; path = resized.atlas; sourceTree = "<group>"; };
		F9216BD61D917FB500E8E923 /* CGFloat+Extensions.swift */ = {isa = PBXFileReference; fileEncoding = 4; lastKnownFileType = sourcecode.swift; path = "CGFloat+Extensions.swift"; sourceTree = "<group>"; };
		F9216BD71D917FB500E8E923 /* CGPoint+Extensions.swift */ = {isa = PBXFileReference; fileEncoding = 4; lastKnownFileType = sourcecode.swift; path = "CGPoint+Extensions.swift"; sourceTree = "<group>"; };
		F9216BD81D917FB500E8E923 /* CGVector+Extensions.swift */ = {isa = PBXFileReference; fileEncoding = 4; lastKnownFileType = sourcecode.swift; path = "CGVector+Extensions.swift"; sourceTree = "<group>"; };
		F9216BD91D917FB500E8E923 /* Int+Extensions.swift */ = {isa = PBXFileReference; fileEncoding = 4; lastKnownFileType = sourcecode.swift; path = "Int+Extensions.swift"; sourceTree = "<group>"; };
		F9216BDA1D917FB500E8E923 /* SKAction+Extensions.swift */ = {isa = PBXFileReference; fileEncoding = 4; lastKnownFileType = sourcecode.swift; path = "SKAction+Extensions.swift"; sourceTree = "<group>"; };
		F9216BDB1D917FB500E8E923 /* SKAction+SpecialEffects.swift */ = {isa = PBXFileReference; fileEncoding = 4; lastKnownFileType = sourcecode.swift; path = "SKAction+SpecialEffects.swift"; sourceTree = "<group>"; };
		F9216BDC1D917FB500E8E923 /* SKColor+Extensions.swift */ = {isa = PBXFileReference; fileEncoding = 4; lastKnownFileType = sourcecode.swift; path = "SKColor+Extensions.swift"; sourceTree = "<group>"; };
		F9216BDD1D917FB500E8E923 /* SKNode+Extensions.swift */ = {isa = PBXFileReference; fileEncoding = 4; lastKnownFileType = sourcecode.swift; path = "SKNode+Extensions.swift"; sourceTree = "<group>"; };
		F9216BDE1D917FB500E8E923 /* SKTAudio.swift */ = {isa = PBXFileReference; fileEncoding = 4; lastKnownFileType = sourcecode.swift; path = SKTAudio.swift; sourceTree = "<group>"; };
		F9216BDF1D917FB500E8E923 /* SKTEffects.swift */ = {isa = PBXFileReference; fileEncoding = 4; lastKnownFileType = sourcecode.swift; path = SKTEffects.swift; sourceTree = "<group>"; };
		F9216BE01D917FB500E8E923 /* SKTTimingFunctions.swift */ = {isa = PBXFileReference; fileEncoding = 4; lastKnownFileType = sourcecode.swift; path = SKTTimingFunctions.swift; sourceTree = "<group>"; };
		F9216BE11D917FB500E8E923 /* Vector3.swift */ = {isa = PBXFileReference; fileEncoding = 4; lastKnownFileType = sourcecode.swift; path = Vector3.swift; sourceTree = "<group>"; };
		F93C35781E697D30009C7DA3 /* LightningBoltNode.swift */ = {isa = PBXFileReference; fileEncoding = 4; lastKnownFileType = sourcecode.swift; path = LightningBoltNode.swift; sourceTree = "<group>"; };
		F93C35791E697D30009C7DA3 /* LightningLineNode.swift */ = {isa = PBXFileReference; fileEncoding = 4; lastKnownFileType = sourcecode.swift; path = LightningLineNode.swift; sourceTree = "<group>"; };
		F93C357A1E697D30009C7DA3 /* LightningNode.swift */ = {isa = PBXFileReference; fileEncoding = 4; lastKnownFileType = sourcecode.swift; path = LightningNode.swift; sourceTree = "<group>"; };
		F93C357C1E697D30009C7DA3 /* Lightning.xcassets */ = {isa = PBXFileReference; lastKnownFileType = folder.assetcatalog; path = Lightning.xcassets; sourceTree = "<group>"; };
		F93C357E1E697D30009C7DA3 /* shock1.aiff */ = {isa = PBXFileReference; lastKnownFileType = audio.aiff; path = shock1.aiff; sourceTree = "<group>"; };
		F93C357F1E697D30009C7DA3 /* shock2.aiff */ = {isa = PBXFileReference; lastKnownFileType = audio.aiff; path = shock2.aiff; sourceTree = "<group>"; };
		F93C35801E697D30009C7DA3 /* shock3.aiff */ = {isa = PBXFileReference; lastKnownFileType = audio.aiff; path = shock3.aiff; sourceTree = "<group>"; };
		F93C35811E697D30009C7DA3 /* shock4.aiff */ = {isa = PBXFileReference; lastKnownFileType = audio.aiff; path = shock4.aiff; sourceTree = "<group>"; };
		F93C35821E697D30009C7DA3 /* shock5.aiff */ = {isa = PBXFileReference; lastKnownFileType = audio.aiff; path = shock5.aiff; sourceTree = "<group>"; };
		F93C35831E697D30009C7DA3 /* shock6.aiff */ = {isa = PBXFileReference; lastKnownFileType = audio.aiff; path = shock6.aiff; sourceTree = "<group>"; };
		F93C42F91D79CB96006572C9 /* Ninja.app */ = {isa = PBXFileReference; explicitFileType = wrapper.application; includeInIndex = 0; path = Ninja.app; sourceTree = BUILT_PRODUCTS_DIR; };
		F93C42FC1D79CB97006572C9 /* AppDelegate.swift */ = {isa = PBXFileReference; lastKnownFileType = sourcecode.swift; path = AppDelegate.swift; sourceTree = "<group>"; };
		F93C43001D79CB97006572C9 /* GameScene.swift */ = {isa = PBXFileReference; lastKnownFileType = sourcecode.swift; path = GameScene.swift; sourceTree = "<group>"; };
		F93C43021D79CB97006572C9 /* GameViewController.swift */ = {isa = PBXFileReference; lastKnownFileType = sourcecode.swift; path = GameViewController.swift; sourceTree = "<group>"; };
		F93C43051D79CB97006572C9 /* Base */ = {isa = PBXFileReference; lastKnownFileType = file.storyboard; name = Base; path = Base.lproj/Main.storyboard; sourceTree = "<group>"; };
		F93C43071D79CB97006572C9 /* Assets.xcassets */ = {isa = PBXFileReference; lastKnownFileType = folder.assetcatalog; path = Assets.xcassets; sourceTree = "<group>"; };
		F93C430A1D79CB97006572C9 /* Base */ = {isa = PBXFileReference; lastKnownFileType = file.storyboard; name = Base; path = Base.lproj/LaunchScreen.storyboard; sourceTree = "<group>"; };
		F93C430C1D79CB97006572C9 /* Info.plist */ = {isa = PBXFileReference; lastKnownFileType = text.plist.xml; path = Info.plist; sourceTree = "<group>"; };
		F93C43111D79CB97006572C9 /* NinjaTests.xctest */ = {isa = PBXFileReference; explicitFileType = wrapper.cfbundle; includeInIndex = 0; path = NinjaTests.xctest; sourceTree = BUILT_PRODUCTS_DIR; };
		F93C43151D79CB97006572C9 /* NinjaTests.swift */ = {isa = PBXFileReference; lastKnownFileType = sourcecode.swift; path = NinjaTests.swift; sourceTree = "<group>"; };
		F93C43171D79CB97006572C9 /* Info.plist */ = {isa = PBXFileReference; lastKnownFileType = text.plist.xml; path = Info.plist; sourceTree = "<group>"; };
		F93C431C1D79CB97006572C9 /* NinjaUITests.xctest */ = {isa = PBXFileReference; explicitFileType = wrapper.cfbundle; includeInIndex = 0; path = NinjaUITests.xctest; sourceTree = BUILT_PRODUCTS_DIR; };
		F93C43201D79CB97006572C9 /* NinjaUITests.swift */ = {isa = PBXFileReference; lastKnownFileType = sourcecode.swift; path = NinjaUITests.swift; sourceTree = "<group>"; };
		F93C43221D79CB97006572C9 /* Info.plist */ = {isa = PBXFileReference; lastKnownFileType = text.plist.xml; path = Info.plist; sourceTree = "<group>"; };
		F952E3D41E4E17AF0012CCA1 /* Powerup.swift */ = {isa = PBXFileReference; fileEncoding = 4; lastKnownFileType = sourcecode.swift; path = Powerup.swift; sourceTree = "<group>"; };
		F952E3D81E55D8870012CCA1 /* Collectible.swift */ = {isa = PBXFileReference; fileEncoding = 4; lastKnownFileType = sourcecode.swift; path = Collectible.swift; sourceTree = "<group>"; };
		F952E3DA1E55DE540012CCA1 /* Flashing.swift */ = {isa = PBXFileReference; fileEncoding = 4; lastKnownFileType = sourcecode.swift; path = Flashing.swift; sourceTree = "<group>"; };
		F952E3DC1E5B56B90012CCA1 /* bg.png */ = {isa = PBXFileReference; lastKnownFileType = image.png; path = bg.png; sourceTree = "<group>"; };
		F95B2A5C1E2E6C88007A62EC /* CountdownNode.swift */ = {isa = PBXFileReference; fileEncoding = 4; lastKnownFileType = sourcecode.swift; path = CountdownNode.swift; sourceTree = "<group>"; };
		F95D2EF41D8BF23700542CD9 /* Enemy.swift */ = {isa = PBXFileReference; fileEncoding = 4; lastKnownFileType = sourcecode.swift; path = Enemy.swift; sourceTree = "<group>"; };
		F960928D1DA7F37E00749623 /* splat.wav */ = {isa = PBXFileReference; lastKnownFileType = audio.wav; path = splat.wav; sourceTree = "<group>"; };
		F960928F1DA7FAD500749623 /* MenuViewController.swift */ = {isa = PBXFileReference; fileEncoding = 4; lastKnownFileType = sourcecode.swift; path = MenuViewController.swift; sourceTree = "<group>"; };
		F9658E221E65DFCA00233B6A /* star_collect.mp3 */ = {isa = PBXFileReference; lastKnownFileType = audio.mp3; path = star_collect.mp3; sourceTree = "<group>"; };
		F9658E241E6879C600233B6A /* Menubar.swift */ = {isa = PBXFileReference; fileEncoding = 4; lastKnownFileType = sourcecode.swift; path = Menubar.swift; sourceTree = "<group>"; };
		F972700A1E44E94600D4F796 /* French_Fries.ttf */ = {isa = PBXFileReference; lastKnownFileType = file; path = French_Fries.ttf; sourceTree = "<group>"; };
		F972700D1E4A06DD00D4F796 /* shader.fsh */ = {isa = PBXFileReference; fileEncoding = 4; lastKnownFileType = sourcecode.glsl; path = shader.fsh; sourceTree = "<group>"; };
		F972700F1E4A23AC00D4F796 /* bw.fsh */ = {isa = PBXFileReference; fileEncoding = 4; lastKnownFileType = sourcecode.glsl; path = bw.fsh; sourceTree = "<group>"; };
		F9896C451D9ACB3700B53571 /* monkey.atlas */ = {isa = PBXFileReference; lastKnownFileType = folder.skatlas; path = monkey.atlas; sourceTree = "<group>"; };
		F9896C4F1D9D718400B53571 /* bounce.mp3 */ = {isa = PBXFileReference; lastKnownFileType = audio.mp3; path = bounce.mp3; sourceTree = "<group>"; };
		F9A176FD1DCB929900534EBA /* fruitlist.plist */ = {isa = PBXFileReference; fileEncoding = 4; lastKnownFileType = text.plist.xml; path = fruitlist.plist; sourceTree = "<group>"; };
		F9BFCB2A1D92ACED0095A8EA /* Player.swift */ = {isa = PBXFileReference; fileEncoding = 4; lastKnownFileType = sourcecode.swift; path = Player.swift; sourceTree = "<group>"; };
		F9CB94CC1D806D16001E8318 /* PlayerStates.swift */ = {isa = PBXFileReference; fileEncoding = 4; lastKnownFileType = sourcecode.swift; path = PlayerStates.swift; sourceTree = "<group>"; };
		F9CB94D21D807036001E8318 /* PlayerState.swift */ = {isa = PBXFileReference; fileEncoding = 4; lastKnownFileType = sourcecode.swift; name = PlayerState.swift; path = ../PlayerState.swift; sourceTree = "<group>"; };
		F9E9A9801E8427FB0064FC14 /* fruit.atlas */ = {isa = PBXFileReference; lastKnownFileType = folder.skatlas; path = fruit.atlas; sourceTree = "<group>"; };
		F9E9A9821E842C340064FC14 /* Burst.sks */ = {isa = PBXFileReference; lastKnownFileType = file.sks; path = Burst.sks; sourceTree = "<group>"; };
		F9E9A9841E842D220064FC14 /* drop.png */ = {isa = PBXFileReference; lastKnownFileType = image.png; path = drop.png; sourceTree = "<group>"; };
/* End PBXFileReference section */

/* Begin PBXFrameworksBuildPhase section */
		F93C42F61D79CB96006572C9 /* Frameworks */ = {
			isa = PBXFrameworksBuildPhase;
			buildActionMask = 2147483647;
			files = (
			);
			runOnlyForDeploymentPostprocessing = 0;
		};
		F93C430E1D79CB97006572C9 /* Frameworks */ = {
			isa = PBXFrameworksBuildPhase;
			buildActionMask = 2147483647;
			files = (
			);
			runOnlyForDeploymentPostprocessing = 0;
		};
		F93C43191D79CB97006572C9 /* Frameworks */ = {
			isa = PBXFrameworksBuildPhase;
			buildActionMask = 2147483647;
			files = (
			);
			runOnlyForDeploymentPostprocessing = 0;
		};
/* End PBXFrameworksBuildPhase section */

/* Begin PBXGroup section */
		F9216BD51D917FB500E8E923 /* SKTUtils */ = {
			isa = PBXGroup;
			children = (
				F9216BD61D917FB500E8E923 /* CGFloat+Extensions.swift */,
				F9216BD71D917FB500E8E923 /* CGPoint+Extensions.swift */,
				F9216BD81D917FB500E8E923 /* CGVector+Extensions.swift */,
				F9216BD91D917FB500E8E923 /* Int+Extensions.swift */,
				F9216BDA1D917FB500E8E923 /* SKAction+Extensions.swift */,
				F9216BDB1D917FB500E8E923 /* SKAction+SpecialEffects.swift */,
				F9216BDC1D917FB500E8E923 /* SKColor+Extensions.swift */,
				F9216BDD1D917FB500E8E923 /* SKNode+Extensions.swift */,
				F9216BDE1D917FB500E8E923 /* SKTAudio.swift */,
				F9216BDF1D917FB500E8E923 /* SKTEffects.swift */,
				F9216BE01D917FB500E8E923 /* SKTTimingFunctions.swift */,
				F9216BE11D917FB500E8E923 /* Vector3.swift */,
			);
			path = SKTUtils;
			sourceTree = "<group>";
		};
		F93C356D1E697D30009C7DA3 /* SpriteKitLightning-Swift */ = {
			isa = PBXGroup;
			children = (
				F93C35701E697D30009C7DA3 /* SpriteKitLigtning-Swift */,
			);
			path = "SpriteKitLightning-Swift";
			sourceTree = "<group>";
		};
		F93C35701E697D30009C7DA3 /* SpriteKitLigtning-Swift */ = {
			isa = PBXGroup;
			children = (
				F93C35771E697D30009C7DA3 /* Nodes */,
				F93C357B1E697D30009C7DA3 /* Resources */,
			);
			path = "SpriteKitLigtning-Swift";
			sourceTree = "<group>";
		};
		F93C35771E697D30009C7DA3 /* Nodes */ = {
			isa = PBXGroup;
			children = (
				F93C35781E697D30009C7DA3 /* LightningBoltNode.swift */,
				F93C35791E697D30009C7DA3 /* LightningLineNode.swift */,
				F93C357A1E697D30009C7DA3 /* LightningNode.swift */,
			);
			path = Nodes;
			sourceTree = "<group>";
		};
		F93C357B1E697D30009C7DA3 /* Resources */ = {
			isa = PBXGroup;
			children = (
				F93C357C1E697D30009C7DA3 /* Lightning.xcassets */,
				F93C357D1E697D30009C7DA3 /* Sounds */,
			);
			path = Resources;
			sourceTree = "<group>";
		};
		F93C357D1E697D30009C7DA3 /* Sounds */ = {
			isa = PBXGroup;
			children = (
				F93C357E1E697D30009C7DA3 /* shock1.aiff */,
				F93C357F1E697D30009C7DA3 /* shock2.aiff */,
				F93C35801E697D30009C7DA3 /* shock3.aiff */,
				F93C35811E697D30009C7DA3 /* shock4.aiff */,
				F93C35821E697D30009C7DA3 /* shock5.aiff */,
				F93C35831E697D30009C7DA3 /* shock6.aiff */,
			);
			path = Sounds;
			sourceTree = "<group>";
		};
		F93C42F01D79CB96006572C9 = {
			isa = PBXGroup;
			children = (
				F93C42FB1D79CB97006572C9 /* Ninja */,
				F93C43141D79CB97006572C9 /* NinjaTests */,
				F93C431F1D79CB97006572C9 /* NinjaUITests */,
				F93C42FA1D79CB96006572C9 /* Products */,
			);
			sourceTree = "<group>";
		};
		F93C42FA1D79CB96006572C9 /* Products */ = {
			isa = PBXGroup;
			children = (
				F93C42F91D79CB96006572C9 /* Ninja.app */,
				F93C43111D79CB97006572C9 /* NinjaTests.xctest */,
				F93C431C1D79CB97006572C9 /* NinjaUITests.xctest */,
			);
			name = Products;
			sourceTree = "<group>";
		};
		F93C42FB1D79CB97006572C9 /* Ninja */ = {
			isa = PBXGroup;
			children = (
				F972700C1E4A01DF00D4F796 /* Shaders */,
				F97270091E44E92C00D4F796 /* Fonts */,
				F96092911DA7FBD200749623 /* Sounds */,
				F9896C451D9ACB3700B53571 /* monkey.atlas */,
				F9216BD51D917FB500E8E923 /* SKTUtils */,
				F9CB94CB1D806CF9001E8318 /* States */,
				F93C42FC1D79CB97006572C9 /* AppDelegate.swift */,
				F93C43001D79CB97006572C9 /* GameScene.swift */,
				F9658E241E6879C600233B6A /* Menubar.swift */,
				F93C43021D79CB97006572C9 /* GameViewController.swift */,
				F9076C681E71BDD80002FF38 /* icons.atlas */,
				F95B2A5C1E2E6C88007A62EC /* CountdownNode.swift */,
				F93C356D1E697D30009C7DA3 /* SpriteKitLightning-Swift */,
				F952E3D41E4E17AF0012CCA1 /* Powerup.swift */,
				F9E9A9821E842C340064FC14 /* Burst.sks */,
				F9E9A9841E842D220064FC14 /* drop.png */,
				F9076C6E1E799E6D0002FF38 /* resized.atlas */,
				F960928F1DA7FAD500749623 /* MenuViewController.swift */,
				F952E3DC1E5B56B90012CCA1 /* bg.png */,
				F9E9A9801E8427FB0064FC14 /* fruit.atlas */,
				F9BFCB2A1D92ACED0095A8EA /* Player.swift */,
				F95D2EF41D8BF23700542CD9 /* Enemy.swift */,
				F93C43041D79CB97006572C9 /* Main.storyboard */,
				F93C43071D79CB97006572C9 /* Assets.xcassets */,
				F93C43091D79CB97006572C9 /* LaunchScreen.storyboard */,
				F93C430C1D79CB97006572C9 /* Info.plist */,
				F9A176FD1DCB929900534EBA /* fruitlist.plist */,
			);
			path = Ninja;
			sourceTree = "<group>";
		};
		F93C43141D79CB97006572C9 /* NinjaTests */ = {
			isa = PBXGroup;
			children = (
				F93C43151D79CB97006572C9 /* NinjaTests.swift */,
				F93C43171D79CB97006572C9 /* Info.plist */,
			);
			path = NinjaTests;
			sourceTree = "<group>";
		};
		F93C431F1D79CB97006572C9 /* NinjaUITests */ = {
			isa = PBXGroup;
			children = (
				F93C43201D79CB97006572C9 /* NinjaUITests.swift */,
				F93C43221D79CB97006572C9 /* Info.plist */,
			);
			path = NinjaUITests;
			sourceTree = "<group>";
		};
		F952E3D21E4CD0BD0012CCA1 /* Player */ = {
			isa = PBXGroup;
			children = (
				F9CB94D21D807036001E8318 /* PlayerState.swift */,
				F9CB94CC1D806D16001E8318 /* PlayerStates.swift */,
			);
			name = Player;
			sourceTree = "<group>";
		};
		F952E3D31E4CD2A80012CCA1 /* Powerup */ = {
			isa = PBXGroup;
			children = (
				F952E3D81E55D8870012CCA1 /* Collectible.swift */,
				F952E3DA1E55DE540012CCA1 /* Flashing.swift */,
			);
			name = Powerup;
			sourceTree = "<group>";
		};
		F96092911DA7FBD200749623 /* Sounds */ = {
			isa = PBXGroup;
			children = (
				F9658E221E65DFCA00233B6A /* star_collect.mp3 */,
				F9896C4F1D9D718400B53571 /* bounce.mp3 */,
				F960928D1DA7F37E00749623 /* splat.wav */,
			);
			name = Sounds;
			sourceTree = "<group>";
		};
		F97270091E44E92C00D4F796 /* Fonts */ = {
			isa = PBXGroup;
			children = (
				F972700A1E44E94600D4F796 /* French_Fries.ttf */,
			);
			name = Fonts;
			sourceTree = "<group>";
		};
		F972700C1E4A01DF00D4F796 /* Shaders */ = {
			isa = PBXGroup;
			children = (
				F972700D1E4A06DD00D4F796 /* shader.fsh */,
				F972700F1E4A23AC00D4F796 /* bw.fsh */,
			);
			name = Shaders;
			sourceTree = "<group>";
		};
		F9CB94CB1D806CF9001E8318 /* States */ = {
			isa = PBXGroup;
			children = (
				F952E3D31E4CD2A80012CCA1 /* Powerup */,
				F952E3D21E4CD0BD0012CCA1 /* Player */,
			);
			name = States;
			sourceTree = "<group>";
		};
/* End PBXGroup section */

/* Begin PBXNativeTarget section */
		F93C42F81D79CB96006572C9 /* Ninja */ = {
			isa = PBXNativeTarget;
			buildConfigurationList = F93C43251D79CB97006572C9 /* Build configuration list for PBXNativeTarget "Ninja" */;
			buildPhases = (
				F93C42F51D79CB96006572C9 /* Sources */,
				F93C42F61D79CB96006572C9 /* Frameworks */,
				F93C42F71D79CB96006572C9 /* Resources */,
			);
			buildRules = (
			);
			dependencies = (
			);
			name = Ninja;
			productName = Ninja;
			productReference = F93C42F91D79CB96006572C9 /* Ninja.app */;
			productType = "com.apple.product-type.application";
		};
		F93C43101D79CB97006572C9 /* NinjaTests */ = {
			isa = PBXNativeTarget;
			buildConfigurationList = F93C43281D79CB97006572C9 /* Build configuration list for PBXNativeTarget "NinjaTests" */;
			buildPhases = (
				F93C430D1D79CB97006572C9 /* Sources */,
				F93C430E1D79CB97006572C9 /* Frameworks */,
				F93C430F1D79CB97006572C9 /* Resources */,
			);
			buildRules = (
			);
			dependencies = (
				F93C43131D79CB97006572C9 /* PBXTargetDependency */,
			);
			name = NinjaTests;
			productName = NinjaTests;
			productReference = F93C43111D79CB97006572C9 /* NinjaTests.xctest */;
			productType = "com.apple.product-type.bundle.unit-test";
		};
		F93C431B1D79CB97006572C9 /* NinjaUITests */ = {
			isa = PBXNativeTarget;
			buildConfigurationList = F93C432B1D79CB97006572C9 /* Build configuration list for PBXNativeTarget "NinjaUITests" */;
			buildPhases = (
				F93C43181D79CB97006572C9 /* Sources */,
				F93C43191D79CB97006572C9 /* Frameworks */,
				F93C431A1D79CB97006572C9 /* Resources */,
			);
			buildRules = (
			);
			dependencies = (
				F93C431E1D79CB97006572C9 /* PBXTargetDependency */,
			);
			name = NinjaUITests;
			productName = NinjaUITests;
			productReference = F93C431C1D79CB97006572C9 /* NinjaUITests.xctest */;
			productType = "com.apple.product-type.bundle.ui-testing";
		};
/* End PBXNativeTarget section */

/* Begin PBXProject section */
		F93C42F11D79CB96006572C9 /* Project object */ = {
			isa = PBXProject;
			attributes = {
				LastSwiftUpdateCheck = 0730;
				LastUpgradeCheck = 0800;
				ORGANIZATIONNAME = Compelling;
				TargetAttributes = {
					F93C42F81D79CB96006572C9 = {
						CreatedOnToolsVersion = 7.3.1;
						DevelopmentTeam = 2AACAPTHUB;
						LastSwiftMigration = 0800;
					};
					F93C43101D79CB97006572C9 = {
						CreatedOnToolsVersion = 7.3.1;
						DevelopmentTeam = 2AACAPTHUB;
						LastSwiftMigration = 0800;
						TestTargetID = F93C42F81D79CB96006572C9;
					};
					F93C431B1D79CB97006572C9 = {
						CreatedOnToolsVersion = 7.3.1;
						DevelopmentTeam = 2AACAPTHUB;
						LastSwiftMigration = 0800;
						TestTargetID = F93C42F81D79CB96006572C9;
					};
				};
			};
			buildConfigurationList = F93C42F41D79CB96006572C9 /* Build configuration list for PBXProject "Ninja" */;
			compatibilityVersion = "Xcode 3.2";
			developmentRegion = English;
			hasScannedForEncodings = 0;
			knownRegions = (
				en,
				Base,
			);
			mainGroup = F93C42F01D79CB96006572C9;
			productRefGroup = F93C42FA1D79CB96006572C9 /* Products */;
			projectDirPath = "";
			projectRoot = "";
			targets = (
				F93C42F81D79CB96006572C9 /* Ninja */,
				F93C43101D79CB97006572C9 /* NinjaTests */,
				F93C431B1D79CB97006572C9 /* NinjaUITests */,
			);
		};
/* End PBXProject section */

/* Begin PBXResourcesBuildPhase section */
		F93C42F71D79CB96006572C9 /* Resources */ = {
			isa = PBXResourcesBuildPhase;
			buildActionMask = 2147483647;
			files = (
				F93C359A1E697D30009C7DA3 /* shock2.aiff in Resources */,
				F972700B1E44EA3E00D4F796 /* French_Fries.ttf in Resources */,
				F93C359B1E697D30009C7DA3 /* shock3.aiff in Resources */,
				F9A176FE1DCB929900534EBA /* fruitlist.plist in Resources */,
				F9E9A9831E842C340064FC14 /* Burst.sks in Resources */,
				F9896C501D9D718400B53571 /* bounce.mp3 in Resources */,
				F9076C6F1E799E6D0002FF38 /* resized.atlas in Resources */,
				F952E3DD1E5B56B90012CCA1 /* bg.png in Resources */,
				F9E9A9851E842D220064FC14 /* drop.png in Resources */,
				F960928E1DA7F37E00749623 /* splat.wav in Resources */,
				F9E9A9811E8427FB0064FC14 /* fruit.atlas in Resources */,
				F97270101E4A23AC00D4F796 /* bw.fsh in Resources */,
				F93C359C1E697D30009C7DA3 /* shock4.aiff in Resources */,
				F972700E1E4A06DD00D4F796 /* shader.fsh in Resources */,
				F9896C461D9ACB3700B53571 /* monkey.atlas in Resources */,
				F93C35981E697D30009C7DA3 /* Lightning.xcassets in Resources */,
				F93C430B1D79CB97006572C9 /* LaunchScreen.storyboard in Resources */,
				F9658E231E65DFCA00233B6A /* star_collect.mp3 in Resources */,
				F9076C691E71BDD80002FF38 /* icons.atlas in Resources */,
				F93C43081D79CB97006572C9 /* Assets.xcassets in Resources */,
				F93C359D1E697D30009C7DA3 /* shock5.aiff in Resources */,
				F93C43061D79CB97006572C9 /* Main.storyboard in Resources */,
				F93C359E1E697D30009C7DA3 /* shock6.aiff in Resources */,
				F93C35991E697D30009C7DA3 /* shock1.aiff in Resources */,
			);
			runOnlyForDeploymentPostprocessing = 0;
		};
		F93C430F1D79CB97006572C9 /* Resources */ = {
			isa = PBXResourcesBuildPhase;
			buildActionMask = 2147483647;
			files = (
			);
			runOnlyForDeploymentPostprocessing = 0;
		};
		F93C431A1D79CB97006572C9 /* Resources */ = {
			isa = PBXResourcesBuildPhase;
			buildActionMask = 2147483647;
			files = (
			);
			runOnlyForDeploymentPostprocessing = 0;
		};
/* End PBXResourcesBuildPhase section */

/* Begin PBXSourcesBuildPhase section */
		F93C42F51D79CB96006572C9 /* Sources */ = {
			isa = PBXSourcesBuildPhase;
			buildActionMask = 2147483647;
			files = (
				F952E3D51E4E17AF0012CCA1 /* Powerup.swift in Sources */,
				F9658E251E6879C600233B6A /* Menubar.swift in Sources */,
				F93C35971E697D30009C7DA3 /* LightningNode.swift in Sources */,
				F9216BE91D917FB500E8E923 /* SKNode+Extensions.swift in Sources */,
				F9216BEC1D917FB500E8E923 /* SKTTimingFunctions.swift in Sources */,
				F9216BE21D917FB500E8E923 /* CGFloat+Extensions.swift in Sources */,
				F9BFCB2B1D92ACED0095A8EA /* Player.swift in Sources */,
				F9216BE71D917FB500E8E923 /* SKAction+SpecialEffects.swift in Sources */,
				F93C43011D79CB97006572C9 /* GameScene.swift in Sources */,
				F93C35951E697D30009C7DA3 /* LightningBoltNode.swift in Sources */,
				F952E3D91E55D8870012CCA1 /* Collectible.swift in Sources */,
				F9216BE61D917FB500E8E923 /* SKAction+Extensions.swift in Sources */,
				F9216BEA1D917FB500E8E923 /* SKTAudio.swift in Sources */,
				F9216BEB1D917FB500E8E923 /* SKTEffects.swift in Sources */,
				F9216BE41D917FB500E8E923 /* CGVector+Extensions.swift in Sources */,
				F9CB94D31D807036001E8318 /* PlayerState.swift in Sources */,
				F93C35961E697D30009C7DA3 /* LightningLineNode.swift in Sources */,
				F95B2A5D1E2E6C88007A62EC /* CountdownNode.swift in Sources */,
				F95D2EF51D8BF23700542CD9 /* Enemy.swift in Sources */,
				F9216BE31D917FB500E8E923 /* CGPoint+Extensions.swift in Sources */,
				F9216BE81D917FB500E8E923 /* SKColor+Extensions.swift in Sources */,
				F9CB94CD1D806D17001E8318 /* PlayerStates.swift in Sources */,
				F9216BE51D917FB500E8E923 /* Int+Extensions.swift in Sources */,
				F93C43031D79CB97006572C9 /* GameViewController.swift in Sources */,
				F9216BED1D917FB500E8E923 /* Vector3.swift in Sources */,
				F952E3DB1E55DE540012CCA1 /* Flashing.swift in Sources */,
				F93C42FD1D79CB97006572C9 /* AppDelegate.swift in Sources */,
				F96092901DA7FAD500749623 /* MenuViewController.swift in Sources */,
			);
			runOnlyForDeploymentPostprocessing = 0;
		};
		F93C430D1D79CB97006572C9 /* Sources */ = {
			isa = PBXSourcesBuildPhase;
			buildActionMask = 2147483647;
			files = (
				F93C43161D79CB97006572C9 /* NinjaTests.swift in Sources */,
			);
			runOnlyForDeploymentPostprocessing = 0;
		};
		F93C43181D79CB97006572C9 /* Sources */ = {
			isa = PBXSourcesBuildPhase;
			buildActionMask = 2147483647;
			files = (
				F93C43211D79CB97006572C9 /* NinjaUITests.swift in Sources */,
			);
			runOnlyForDeploymentPostprocessing = 0;
		};
/* End PBXSourcesBuildPhase section */

/* Begin PBXTargetDependency section */
		F93C43131D79CB97006572C9 /* PBXTargetDependency */ = {
			isa = PBXTargetDependency;
			target = F93C42F81D79CB96006572C9 /* Ninja */;
			targetProxy = F93C43121D79CB97006572C9 /* PBXContainerItemProxy */;
		};
		F93C431E1D79CB97006572C9 /* PBXTargetDependency */ = {
			isa = PBXTargetDependency;
			target = F93C42F81D79CB96006572C9 /* Ninja */;
			targetProxy = F93C431D1D79CB97006572C9 /* PBXContainerItemProxy */;
		};
/* End PBXTargetDependency section */

/* Begin PBXVariantGroup section */
		F93C43041D79CB97006572C9 /* Main.storyboard */ = {
			isa = PBXVariantGroup;
			children = (
				F93C43051D79CB97006572C9 /* Base */,
			);
			name = Main.storyboard;
			sourceTree = "<group>";
		};
		F93C43091D79CB97006572C9 /* LaunchScreen.storyboard */ = {
			isa = PBXVariantGroup;
			children = (
				F93C430A1D79CB97006572C9 /* Base */,
			);
			name = LaunchScreen.storyboard;
			sourceTree = "<group>";
		};
/* End PBXVariantGroup section */

/* Begin XCBuildConfiguration section */
		F93C43231D79CB97006572C9 /* Debug */ = {
			isa = XCBuildConfiguration;
			buildSettings = {
				ALWAYS_SEARCH_USER_PATHS = NO;
				CLANG_ANALYZER_NONNULL = YES;
				CLANG_CXX_LANGUAGE_STANDARD = "gnu++0x";
				CLANG_CXX_LIBRARY = "libc++";
				CLANG_ENABLE_MODULES = YES;
				CLANG_ENABLE_OBJC_ARC = YES;
				CLANG_WARN_BOOL_CONVERSION = YES;
				CLANG_WARN_CONSTANT_CONVERSION = YES;
				CLANG_WARN_DIRECT_OBJC_ISA_USAGE = YES_ERROR;
				CLANG_WARN_EMPTY_BODY = YES;
				CLANG_WARN_ENUM_CONVERSION = YES;
				CLANG_WARN_INFINITE_RECURSION = YES;
				CLANG_WARN_INT_CONVERSION = YES;
				CLANG_WARN_OBJC_ROOT_CLASS = YES_ERROR;
				CLANG_WARN_SUSPICIOUS_MOVE = YES;
				CLANG_WARN_UNREACHABLE_CODE = YES;
				CLANG_WARN__DUPLICATE_METHOD_MATCH = YES;
				"CODE_SIGN_IDENTITY[sdk=iphoneos*]" = "iPhone Developer";
				COPY_PHASE_STRIP = NO;
				DEBUG_INFORMATION_FORMAT = "dwarf-with-dsym";
				ENABLE_STRICT_OBJC_MSGSEND = YES;
				ENABLE_TESTABILITY = YES;
				GCC_C_LANGUAGE_STANDARD = gnu99;
				GCC_DYNAMIC_NO_PIC = NO;
				GCC_NO_COMMON_BLOCKS = YES;
				GCC_OPTIMIZATION_LEVEL = 0;
				GCC_PREPROCESSOR_DEFINITIONS = (
					"DEBUG=1",
					"$(inherited)",
				);
				GCC_WARN_64_TO_32_BIT_CONVERSION = YES;
				GCC_WARN_ABOUT_RETURN_TYPE = YES_ERROR;
				GCC_WARN_UNDECLARED_SELECTOR = YES;
				GCC_WARN_UNINITIALIZED_AUTOS = YES_AGGRESSIVE;
				GCC_WARN_UNUSED_FUNCTION = YES;
				GCC_WARN_UNUSED_VARIABLE = YES;
				IPHONEOS_DEPLOYMENT_TARGET = 9.3;
				MTL_ENABLE_DEBUG_INFO = YES;
				ONLY_ACTIVE_ARCH = YES;
				OS_ACTIVITY_MODE = disable;
				SDKROOT = iphoneos;
				SWIFT_OPTIMIZATION_LEVEL = "-Onone";
				TARGETED_DEVICE_FAMILY = "1,2";
			};
			name = Debug;
		};
		F93C43241D79CB97006572C9 /* Release */ = {
			isa = XCBuildConfiguration;
			buildSettings = {
				ALWAYS_SEARCH_USER_PATHS = NO;
				CLANG_ANALYZER_NONNULL = YES;
				CLANG_CXX_LANGUAGE_STANDARD = "gnu++0x";
				CLANG_CXX_LIBRARY = "libc++";
				CLANG_ENABLE_MODULES = YES;
				CLANG_ENABLE_OBJC_ARC = YES;
				CLANG_WARN_BOOL_CONVERSION = YES;
				CLANG_WARN_CONSTANT_CONVERSION = YES;
				CLANG_WARN_DIRECT_OBJC_ISA_USAGE = YES_ERROR;
				CLANG_WARN_EMPTY_BODY = YES;
				CLANG_WARN_ENUM_CONVERSION = YES;
				CLANG_WARN_INFINITE_RECURSION = YES;
				CLANG_WARN_INT_CONVERSION = YES;
				CLANG_WARN_OBJC_ROOT_CLASS = YES_ERROR;
				CLANG_WARN_SUSPICIOUS_MOVE = YES;
				CLANG_WARN_UNREACHABLE_CODE = YES;
				CLANG_WARN__DUPLICATE_METHOD_MATCH = YES;
				"CODE_SIGN_IDENTITY[sdk=iphoneos*]" = "iPhone Developer";
				COPY_PHASE_STRIP = NO;
				DEBUG_INFORMATION_FORMAT = "dwarf-with-dsym";
				ENABLE_NS_ASSERTIONS = NO;
				ENABLE_STRICT_OBJC_MSGSEND = YES;
				GCC_C_LANGUAGE_STANDARD = gnu99;
				GCC_NO_COMMON_BLOCKS = YES;
				GCC_WARN_64_TO_32_BIT_CONVERSION = YES;
				GCC_WARN_ABOUT_RETURN_TYPE = YES_ERROR;
				GCC_WARN_UNDECLARED_SELECTOR = YES;
				GCC_WARN_UNINITIALIZED_AUTOS = YES_AGGRESSIVE;
				GCC_WARN_UNUSED_FUNCTION = YES;
				GCC_WARN_UNUSED_VARIABLE = YES;
				IPHONEOS_DEPLOYMENT_TARGET = 9.3;
				MTL_ENABLE_DEBUG_INFO = NO;
				OS_ACTIVITY_MODE = disable;
				SDKROOT = iphoneos;
				SWIFT_OPTIMIZATION_LEVEL = "-Owholemodule";
				TARGETED_DEVICE_FAMILY = "1,2";
				VALIDATE_PRODUCT = YES;
			};
			name = Release;
		};
		F93C43261D79CB97006572C9 /* Debug */ = {
			isa = XCBuildConfiguration;
			buildSettings = {
				ASSETCATALOG_COMPILER_APPICON_NAME = AppIcon;
				DEVELOPMENT_TEAM = 2AACAPTHUB;
				INFOPLIST_FILE = Ninja/Info.plist;
				LD_RUNPATH_SEARCH_PATHS = "$(inherited) @executable_path/Frameworks";
				PRODUCT_BUNDLE_IDENTIFIER = com.pelling.Ninja;
				PRODUCT_NAME = "$(TARGET_NAME)";
				SWIFT_VERSION = 2.3;
			};
			name = Debug;
		};
		F93C43271D79CB97006572C9 /* Release */ = {
			isa = XCBuildConfiguration;
			buildSettings = {
				ASSETCATALOG_COMPILER_APPICON_NAME = AppIcon;
				DEVELOPMENT_TEAM = 2AACAPTHUB;
				INFOPLIST_FILE = Ninja/Info.plist;
				LD_RUNPATH_SEARCH_PATHS = "$(inherited) @executable_path/Frameworks";
				PRODUCT_BUNDLE_IDENTIFIER = com.pelling.Ninja;
				PRODUCT_NAME = "$(TARGET_NAME)";
				SWIFT_VERSION = 2.3;
			};
			name = Release;
		};
		F93C43291D79CB97006572C9 /* Debug */ = {
			isa = XCBuildConfiguration;
			buildSettings = {
				BUNDLE_LOADER = "$(TEST_HOST)";
				DEBUG_INFORMATION_FORMAT = dwarf;
				INFOPLIST_FILE = NinjaTests/Info.plist;
				LD_RUNPATH_SEARCH_PATHS = "$(inherited) @executable_path/Frameworks @loader_path/Frameworks";
				PRODUCT_BUNDLE_IDENTIFIER = com.pelling.NinjaTests;
				PRODUCT_NAME = "$(TARGET_NAME)";
				SWIFT_VERSION = 2.3;
				TEST_HOST = "$(BUILT_PRODUCTS_DIR)/Ninja.app/Ninja";
			};
			name = Debug;
		};
		F93C432A1D79CB97006572C9 /* Release */ = {
			isa = XCBuildConfiguration;
			buildSettings = {
				BUNDLE_LOADER = "$(TEST_HOST)";
				INFOPLIST_FILE = NinjaTests/Info.plist;
				LD_RUNPATH_SEARCH_PATHS = "$(inherited) @executable_path/Frameworks @loader_path/Frameworks";
				PRODUCT_BUNDLE_IDENTIFIER = com.pelling.NinjaTests;
				PRODUCT_NAME = "$(TARGET_NAME)";
				SWIFT_VERSION = 2.3;
				TEST_HOST = "$(BUILT_PRODUCTS_DIR)/Ninja.app/Ninja";
			};
			name = Release;
		};
		F93C432C1D79CB97006572C9 /* Debug */ = {
			isa = XCBuildConfiguration;
			buildSettings = {
				DEBUG_INFORMATION_FORMAT = dwarf;
				INFOPLIST_FILE = NinjaUITests/Info.plist;
				LD_RUNPATH_SEARCH_PATHS = "$(inherited) @executable_path/Frameworks @loader_path/Frameworks";
				PRODUCT_BUNDLE_IDENTIFIER = com.pelling.NinjaUITests;
				PRODUCT_NAME = "$(TARGET_NAME)";
				SWIFT_VERSION = 2.3;
				TEST_TARGET_NAME = Ninja;
			};
			name = Debug;
		};
		F93C432D1D79CB97006572C9 /* Release */ = {
			isa = XCBuildConfiguration;
			buildSettings = {
				INFOPLIST_FILE = NinjaUITests/Info.plist;
				LD_RUNPATH_SEARCH_PATHS = "$(inherited) @executable_path/Frameworks @loader_path/Frameworks";
				PRODUCT_BUNDLE_IDENTIFIER = com.pelling.NinjaUITests;
				PRODUCT_NAME = "$(TARGET_NAME)";
				SWIFT_VERSION = 2.3;
				TEST_TARGET_NAME = Ninja;
			};
			name = Release;
		};
/* End XCBuildConfiguration section */

/* Begin XCConfigurationList section */
		F93C42F41D79CB96006572C9 /* Build configuration list for PBXProject "Ninja" */ = {
			isa = XCConfigurationList;
			buildConfigurations = (
				F93C43231D79CB97006572C9 /* Debug */,
				F93C43241D79CB97006572C9 /* Release */,
			);
			defaultConfigurationIsVisible = 0;
			defaultConfigurationName = Release;
		};
		F93C43251D79CB97006572C9 /* Build configuration list for PBXNativeTarget "Ninja" */ = {
			isa = XCConfigurationList;
			buildConfigurations = (
				F93C43261D79CB97006572C9 /* Debug */,
				F93C43271D79CB97006572C9 /* Release */,
			);
			defaultConfigurationIsVisible = 0;
			defaultConfigurationName = Release;
		};
		F93C43281D79CB97006572C9 /* Build configuration list for PBXNativeTarget "NinjaTests" */ = {
			isa = XCConfigurationList;
			buildConfigurations = (
				F93C43291D79CB97006572C9 /* Debug */,
				F93C432A1D79CB97006572C9 /* Release */,
			);
			defaultConfigurationIsVisible = 0;
			defaultConfigurationName = Release;
		};
		F93C432B1D79CB97006572C9 /* Build configuration list for PBXNativeTarget "NinjaUITests" */ = {
			isa = XCConfigurationList;
			buildConfigurations = (
				F93C432C1D79CB97006572C9 /* Debug */,
				F93C432D1D79CB97006572C9 /* Release */,
			);
			defaultConfigurationIsVisible = 0;
			defaultConfigurationName = Release;
		};
/* End XCConfigurationList section */
	};
	rootObject = F93C42F11D79CB96006572C9 /* Project object */;
}
